
Microsoft Visual Studio Solution File, Format Version 12.00
# Visual Studio Version 17
VisualStudioVersion = 17.14.36310.24
MinimumVisualStudioVersion = 10.0.40219.1
Project("{FAE04EC0-301F-11D3-BF4B-00C04F79EFBC}") = "EolBot", "EolBot\EolBot.csproj", "{43863EB8-0EBD-4421-A7FD-9417A881D998}"
EndProject
Project("{FAE04EC0-301F-11D3-BF4B-00C04F79EFBC}") = "EolBot.Tests", "EolBot.Tests\EolBot.Tests.csproj", "{C04581CB-2A5F-4FF2-9829-22796C7B3DF8}"
EndProject
Project("{E53339B2-1760-4266-BCC7-CA923CBCF16C}") = "docker-compose", "docker-compose.dcproj", "{81DDED9D-158B-E303-5F62-77A2896D2A5A}"
EndProject
Global
	GlobalSection(SolutionConfigurationPlatforms) = preSolution
		Debug|Any CPU = Debug|Any CPU
		Release|Any CPU = Release|Any CPU
	EndGlobalSection
	GlobalSection(ProjectConfigurationPlatforms) = postSolution
		{43863EB8-0EBD-4421-A7FD-9417A881D998}.Debug|Any CPU.ActiveCfg = Debug|Any CPU
		{43863EB8-0EBD-4421-A7FD-9417A881D998}.Debug|Any CPU.Build.0 = Debug|Any CPU
		{43863EB8-0EBD-4421-A7FD-9417A881D998}.Release|Any CPU.ActiveCfg = Release|Any CPU
		{43863EB8-0EBD-4421-A7FD-9417A881D998}.Release|Any CPU.Build.0 = Release|Any CPU
		{C04581CB-2A5F-4FF2-9829-22796C7B3DF8}.Debug|Any CPU.ActiveCfg = Debug|Any CPU
		{C04581CB-2A5F-4FF2-9829-22796C7B3DF8}.Debug|Any CPU.Build.0 = Debug|Any CPU
		{C04581CB-2A5F-4FF2-9829-22796C7B3DF8}.Release|Any CPU.ActiveCfg = Release|Any CPU
		{C04581CB-2A5F-4FF2-9829-22796C7B3DF8}.Release|Any CPU.Build.0 = Release|Any CPU
		{81DDED9D-158B-E303-5F62-77A2896D2A5A}.Debug|Any CPU.ActiveCfg = Debug|Any CPU
		{81DDED9D-158B-E303-5F62-77A2896D2A5A}.Debug|Any CPU.Build.0 = Debug|Any CPU
		{81DDED9D-158B-E303-5F62-77A2896D2A5A}.Release|Any CPU.ActiveCfg = Release|Any CPU
		{81DDED9D-158B-E303-5F62-77A2896D2A5A}.Release|Any CPU.Build.0 = Release|Any CPU
	EndGlobalSection
	GlobalSection(SolutionProperties) = preSolution
		HideSolutionNode = FALSE
	EndGlobalSection
	GlobalSection(ExtensibilityGlobals) = postSolution
		SolutionGuid = {22BD0CAC-E038-40E5-8F64-7A0C90065FF5}
	EndGlobalSection
EndGlobal
